
Microsoft Visual Studio Solution File, Format Version 12.00
# Visual Studio Version 17
VisualStudioVersion = 17.11.35303.130
MinimumVisualStudioVersion = 10.0.40219.1
Project("{FAE04EC0-301F-11D3-BF4B-00C04F79EFBC}") = "G-TrashCleaner", "G-TrashCleaner\G-TrashCleaner.csproj", "{7A4222E5-14E0-4D29-9E38-9A05AF15E026}"
EndProject
Global
	GlobalSection(SolutionConfigurationPlatforms) = preSolution
		Debug|Any CPU = Debug|Any CPU
		Release|Any CPU = Release|Any CPU
	EndGlobalSection
	GlobalSection(ProjectConfigurationPlatforms) = postSolution
		{7A4222E5-14E0-4D29-9E38-9A05AF15E026}.Debug|Any CPU.ActiveCfg = Debug|Any CPU
		{7A4222E5-14E0-4D29-9E38-9A05AF15E026}.Debug|Any CPU.Build.0 = Debug|Any CPU
		{7A4222E5-14E0-4D29-9E38-9A05AF15E026}.Release|Any CPU.ActiveCfg = Release|Any CPU
		{7A4222E5-14E0-4D29-9E38-9A05AF15E026}.Release|Any CPU.Build.0 = Release|Any CPU
	EndGlobalSection
	GlobalSection(SolutionProperties) = preSolution
		HideSolutionNode = FALSE
	EndGlobalSection
	GlobalSection(ExtensibilityGlobals) = postSolution
		SolutionGuid = {6D8006B4-738A-4965-999F-6B9655AFF496}
	EndGlobalSection
EndGlobal
